{
    "version": 3,
    "terraform_version": "0.10.4",
    "serial": 6,
    "lineage": "0c112c48-d9ba-4d31-b3fe-c8008fd6488b",
    "modules": [
        {
            "path": [
                "root"
            ],
            "outputs": {
                "region": {
                    "sensitive": false,
                    "type": "string",
                    "value": "us-west-2"
                },
                "vpc-id": {
                    "sensitive": false,
                    "type": "string",
                    "value": "vpc-983c41fe"
                },
                "vpc-name": {
                    "sensitive": false,
                    "type": "string",
                    "value": "thuy-vpc"
                },
                "vpc_nat_gateway_eips": {
                    "sensitive": false,
                    "type": "list",
                    "value": [
                        "34.214.39.53",
                        "34.215.89.66",
                        "52.36.106.235"
                    ]
                },
                "vpc_nat_gateways": {
                    "sensitive": false,
                    "type": "list",
                    "value": [
                        "nat-00b8fc8b1578983b2",
                        "nat-0af854dc7ebb2c7f0",
                        "nat-00eedbc6ee25a243d"
                    ]
                },
                "vpc_private_subnet_cdirs": {
                    "sensitive": false,
                    "type": "list",
                    "value": [
                        "10.102.3.0/24",
                        "10.102.4.0/24",
                        "10.102.5.0/24"
                    ]
                },
                "vpc_private_subnet_ids": {
                    "sensitive": false,
                    "type": "list",
                    "value": [
                        "subnet-bd9939f5",
                        "subnet-a44bc8c2",
                        "subnet-49743e12"
                    ]
                },
                "vpc_public_subnet_cdirs": {
                    "sensitive": false,
                    "type": "list",
                    "value": [
                        "10.102.0.0/24",
                        "10.102.1.0/24",
                        "10.102.2.0/24"
                    ]
                },
                "vpc_public_subnet_ids": {
                    "sensitive": false,
                    "type": "list",
                    "value": [
                        "subnet-0f9d3d47",
                        "subnet-c349caa5",
                        "subnet-55703a0e"
                    ]
                }
            },
            "resources": {},
            "depends_on": []
        },
        {
            "path": [
                "root",
                "my-vpc"
            ],
            "outputs": {
                "vpc_id": {
                    "sensitive": false,
                    "type": "string",
                    "value": "vpc-983c41fe"
                },
                "vpc_name": {
                    "sensitive": false,
                    "type": "string",
                    "value": "thuy-vpc"
                },
                "vpc_nat_gateway_eips": {
                    "sensitive": false,
                    "type": "list",
                    "value": [
                        "34.214.39.53",
                        "34.215.89.66",
                        "52.36.106.235"
                    ]
                },
                "vpc_nat_gateways": {
                    "sensitive": false,
                    "type": "list",
                    "value": [
                        "nat-00b8fc8b1578983b2",
                        "nat-0af854dc7ebb2c7f0",
                        "nat-00eedbc6ee25a243d"
                    ]
                },
                "vpc_private_subnet_cdirs": {
                    "sensitive": false,
                    "type": "list",
                    "value": [
                        "10.102.3.0/24",
                        "10.102.4.0/24",
                        "10.102.5.0/24"
                    ]
                },
                "vpc_private_subnet_ids": {
                    "sensitive": false,
                    "type": "list",
                    "value": [
                        "subnet-bd9939f5",
                        "subnet-a44bc8c2",
                        "subnet-49743e12"
                    ]
                },
                "vpc_public_subnet_cdirs": {
                    "sensitive": false,
                    "type": "list",
                    "value": [
                        "10.102.0.0/24",
                        "10.102.1.0/24",
                        "10.102.2.0/24"
                    ]
                },
                "vpc_public_subnet_ids": {
                    "sensitive": false,
                    "type": "list",
                    "value": [
                        "subnet-0f9d3d47",
                        "subnet-c349caa5",
                        "subnet-55703a0e"
                    ]
                }
            },
            "resources": {
                "aws_eip.nat_gateway_eip.0": {
                    "type": "aws_eip",
                    "depends_on": [
                        "local.nat_gateway_count"
                    ],
                    "primary": {
                        "id": "eipalloc-96e05dab",
                        "attributes": {
                            "association_id": "",
                            "domain": "vpc",
                            "id": "eipalloc-96e05dab",
                            "instance": "",
                            "network_interface": "",
                            "private_ip": "",
                            "public_ip": "34.214.39.53",
                            "vpc": "true"
                        },
                        "meta": {},
                        "tainted": false
                    },
                    "deposed": [],
                    "provider": ""
                },
                "aws_eip.nat_gateway_eip.1": {
                    "type": "aws_eip",
                    "depends_on": [
                        "local.nat_gateway_count"
                    ],
                    "primary": {
                        "id": "eipalloc-b4e15c89",
                        "attributes": {
                            "association_id": "",
                            "domain": "vpc",
                            "id": "eipalloc-b4e15c89",
                            "instance": "",
                            "network_interface": "",
                            "private_ip": "",
                            "public_ip": "34.215.89.66",
                            "vpc": "true"
                        },
                        "meta": {},
                        "tainted": false
                    },
                    "deposed": [],
                    "provider": ""
                },
                "aws_eip.nat_gateway_eip.2": {
                    "type": "aws_eip",
                    "depends_on": [
                        "local.nat_gateway_count"
                    ],
                    "primary": {
                        "id": "eipalloc-91e05dac",
                        "attributes": {
                            "association_id": "",
                            "domain": "vpc",
                            "id": "eipalloc-91e05dac",
                            "instance": "",
                            "network_interface": "",
                            "private_ip": "",
                            "public_ip": "52.36.106.235",
                            "vpc": "true"
                        },
                        "meta": {},
                        "tainted": false
                    },
                    "deposed": [],
                    "provider": ""
                },
                "aws_internet_gateway.vpc-igw": {
                    "type": "aws_internet_gateway",
                    "depends_on": [
                        "aws_vpc.vpc"
                    ],
                    "primary": {
                        "id": "igw-63075304",
                        "attributes": {
                            "id": "igw-63075304",
                            "vpc_id": "vpc-983c41fe"
                        },
                        "meta": {},
                        "tainted": false
                    },
                    "deposed": [],
                    "provider": ""
                },
                "aws_nat_gateway.nat_gateway.0": {
                    "type": "aws_nat_gateway",
                    "depends_on": [
                        "aws_eip.nat_gateway_eip.*",
                        "aws_subnet.subnet_public.*",
                        "local.nat_gateway_count"
                    ],
                    "primary": {
                        "id": "nat-00b8fc8b1578983b2",
                        "attributes": {
                            "allocation_id": "eipalloc-96e05dab",
                            "id": "nat-00b8fc8b1578983b2",
                            "network_interface_id": "eni-ba4f8a8a",
                            "private_ip": "10.102.0.152",
                            "public_ip": "34.214.39.53",
                            "subnet_id": "subnet-0f9d3d47"
                        },
                        "meta": {},
                        "tainted": false
                    },
                    "deposed": [],
                    "provider": ""
                },
                "aws_nat_gateway.nat_gateway.1": {
                    "type": "aws_nat_gateway",
                    "depends_on": [
                        "aws_eip.nat_gateway_eip.*",
                        "aws_subnet.subnet_public.*",
                        "local.nat_gateway_count"
                    ],
                    "primary": {
                        "id": "nat-0af854dc7ebb2c7f0",
                        "attributes": {
                            "allocation_id": "eipalloc-b4e15c89",
                            "id": "nat-0af854dc7ebb2c7f0",
                            "network_interface_id": "eni-58a8a776",
                            "private_ip": "10.102.1.211",
                            "public_ip": "34.215.89.66",
                            "subnet_id": "subnet-c349caa5"
                        },
                        "meta": {},
                        "tainted": false
                    },
                    "deposed": [],
                    "provider": ""
                },
                "aws_nat_gateway.nat_gateway.2": {
                    "type": "aws_nat_gateway",
                    "depends_on": [
                        "aws_eip.nat_gateway_eip.*",
                        "aws_subnet.subnet_public.*",
                        "local.nat_gateway_count"
                    ],
                    "primary": {
                        "id": "nat-00eedbc6ee25a243d",
                        "attributes": {
                            "allocation_id": "eipalloc-91e05dac",
                            "id": "nat-00eedbc6ee25a243d",
                            "network_interface_id": "eni-e92fc8eb",
                            "private_ip": "10.102.2.221",
                            "public_ip": "52.36.106.235",
                            "subnet_id": "subnet-55703a0e"
                        },
                        "meta": {},
                        "tainted": false
                    },
                    "deposed": [],
                    "provider": ""
                },
                "aws_route_table.route_to_igw": {
                    "type": "aws_route_table",
                    "depends_on": [
                        "aws_internet_gateway.vpc-igw",
                        "aws_vpc.vpc"
                    ],
                    "primary": {
                        "id": "rtb-a948ecd0",
                        "attributes": {
                            "id": "rtb-a948ecd0",
                            "propagating_vgws.#": "0",
                            "route.#": "1",
                            "route.642360805.cidr_block": "0.0.0.0/0",
                            "route.642360805.egress_only_gateway_id": "",
                            "route.642360805.gateway_id": "igw-63075304",
                            "route.642360805.instance_id": "",
                            "route.642360805.ipv6_cidr_block": "",
                            "route.642360805.nat_gateway_id": "",
                            "route.642360805.network_interface_id": "",
                            "route.642360805.vpc_peering_connection_id": "",
                            "tags.%": "1",
                            "tags.Name": "route-to-internet-via-igw",
                            "vpc_id": "vpc-983c41fe"
                        },
                        "meta": {},
                        "tainted": false
                    },
                    "deposed": [],
                    "provider": ""
                },
                "aws_route_table.route_to_nat_gw.0": {
                    "type": "aws_route_table",
                    "depends_on": [
                        "aws_nat_gateway.nat_gateway.*",
                        "aws_vpc.vpc",
                        "local.nat_gateway_count"
                    ],
                    "primary": {
                        "id": "rtb-6b48ec12",
                        "attributes": {
                            "id": "rtb-6b48ec12",
                            "propagating_vgws.#": "0",
                            "route.#": "1",
                            "route.3114539177.cidr_block": "0.0.0.0/0",
                            "route.3114539177.egress_only_gateway_id": "",
                            "route.3114539177.gateway_id": "",
                            "route.3114539177.instance_id": "",
                            "route.3114539177.ipv6_cidr_block": "",
                            "route.3114539177.nat_gateway_id": "nat-00b8fc8b1578983b2",
                            "route.3114539177.network_interface_id": "",
                            "route.3114539177.vpc_peering_connection_id": "",
                            "tags.%": "1",
                            "tags.Name": "route-to-internet-via-nat-gw",
                            "vpc_id": "vpc-983c41fe"
                        },
                        "meta": {},
                        "tainted": false
                    },
                    "deposed": [],
                    "provider": ""
                },
                "aws_route_table.route_to_nat_gw.1": {
                    "type": "aws_route_table",
                    "depends_on": [
                        "aws_nat_gateway.nat_gateway.*",
                        "aws_vpc.vpc",
                        "local.nat_gateway_count"
                    ],
                    "primary": {
                        "id": "rtb-2e4ce857",
                        "attributes": {
                            "id": "rtb-2e4ce857",
                            "propagating_vgws.#": "0",
                            "route.#": "1",
                            "route.2292711224.cidr_block": "0.0.0.0/0",
                            "route.2292711224.egress_only_gateway_id": "",
                            "route.2292711224.gateway_id": "",
                            "route.2292711224.instance_id": "",
                            "route.2292711224.ipv6_cidr_block": "",
                            "route.2292711224.nat_gateway_id": "nat-0af854dc7ebb2c7f0",
                            "route.2292711224.network_interface_id": "",
                            "route.2292711224.vpc_peering_connection_id": "",
                            "tags.%": "1",
                            "tags.Name": "route-to-internet-via-nat-gw",
                            "vpc_id": "vpc-983c41fe"
                        },
                        "meta": {},
                        "tainted": false
                    },
                    "deposed": [],
                    "provider": ""
                },
                "aws_route_table.route_to_nat_gw.2": {
                    "type": "aws_route_table",
                    "depends_on": [
                        "aws_nat_gateway.nat_gateway.*",
                        "aws_vpc.vpc",
                        "local.nat_gateway_count"
                    ],
                    "primary": {
                        "id": "rtb-964de9ef",
                        "attributes": {
                            "id": "rtb-964de9ef",
                            "propagating_vgws.#": "0",
                            "route.#": "1",
                            "route.461291406.cidr_block": "0.0.0.0/0",
                            "route.461291406.egress_only_gateway_id": "",
                            "route.461291406.gateway_id": "",
                            "route.461291406.instance_id": "",
                            "route.461291406.ipv6_cidr_block": "",
                            "route.461291406.nat_gateway_id": "nat-00eedbc6ee25a243d",
                            "route.461291406.network_interface_id": "",
                            "route.461291406.vpc_peering_connection_id": "",
                            "tags.%": "1",
                            "tags.Name": "route-to-internet-via-nat-gw",
                            "vpc_id": "vpc-983c41fe"
                        },
                        "meta": {},
                        "tainted": false
                    },
                    "deposed": [],
                    "provider": ""
                },
                "aws_route_table_association.pri_to_ngw_association.0": {
                    "type": "aws_route_table_association",
                    "depends_on": [
                        "aws_route_table.route_to_nat_gw.*",
                        "aws_subnet.subnet_private.*",
                        "data.aws_availability_zones.available"
                    ],
                    "primary": {
                        "id": "rtbassoc-9bb8cbe3",
                        "attributes": {
                            "id": "rtbassoc-9bb8cbe3",
                            "route_table_id": "rtb-6b48ec12",
                            "subnet_id": "subnet-bd9939f5"
                        },
                        "meta": {},
                        "tainted": false
                    },
                    "deposed": [],
                    "provider": ""
                },
                "aws_route_table_association.pri_to_ngw_association.1": {
                    "type": "aws_route_table_association",
                    "depends_on": [
                        "aws_route_table.route_to_nat_gw.*",
                        "aws_subnet.subnet_private.*",
                        "data.aws_availability_zones.available"
                    ],
                    "primary": {
                        "id": "rtbassoc-edb8cb95",
                        "attributes": {
                            "id": "rtbassoc-edb8cb95",
                            "route_table_id": "rtb-2e4ce857",
                            "subnet_id": "subnet-a44bc8c2"
                        },
                        "meta": {},
                        "tainted": false
                    },
                    "deposed": [],
                    "provider": ""
                },
                "aws_route_table_association.pri_to_ngw_association.2": {
                    "type": "aws_route_table_association",
                    "depends_on": [
                        "aws_route_table.route_to_nat_gw.*",
                        "aws_subnet.subnet_private.*",
                        "data.aws_availability_zones.available"
                    ],
                    "primary": {
                        "id": "rtbassoc-b5b9cacd",
                        "attributes": {
                            "id": "rtbassoc-b5b9cacd",
                            "route_table_id": "rtb-964de9ef",
                            "subnet_id": "subnet-49743e12"
                        },
                        "meta": {},
                        "tainted": false
                    },
                    "deposed": [],
                    "provider": ""
                },
                "aws_route_table_association.pub_to_igw_association.0": {
                    "type": "aws_route_table_association",
                    "depends_on": [
                        "aws_route_table.route_to_igw",
                        "aws_subnet.subnet_public.*",
                        "data.aws_availability_zones.available"
                    ],
                    "primary": {
                        "id": "rtbassoc-f1b8cb89",
                        "attributes": {
                            "id": "rtbassoc-f1b8cb89",
                            "route_table_id": "rtb-a948ecd0",
                            "subnet_id": "subnet-0f9d3d47"
                        },
                        "meta": {},
                        "tainted": false
                    },
                    "deposed": [],
                    "provider": ""
                },
                "aws_route_table_association.pub_to_igw_association.1": {
                    "type": "aws_route_table_association",
                    "depends_on": [
                        "aws_route_table.route_to_igw",
                        "aws_subnet.subnet_public.*",
                        "data.aws_availability_zones.available"
                    ],
                    "primary": {
                        "id": "rtbassoc-f0b8cb88",
                        "attributes": {
                            "id": "rtbassoc-f0b8cb88",
                            "route_table_id": "rtb-a948ecd0",
                            "subnet_id": "subnet-c349caa5"
                        },
                        "meta": {},
                        "tainted": false
                    },
                    "deposed": [],
                    "provider": ""
                },
                "aws_route_table_association.pub_to_igw_association.2": {
                    "type": "aws_route_table_association",
                    "depends_on": [
                        "aws_route_table.route_to_igw",
                        "aws_subnet.subnet_public.*",
                        "data.aws_availability_zones.available"
                    ],
                    "primary": {
                        "id": "rtbassoc-22b9ca5a",
                        "attributes": {
                            "id": "rtbassoc-22b9ca5a",
                            "route_table_id": "rtb-a948ecd0",
                            "subnet_id": "subnet-55703a0e"
                        },
                        "meta": {},
                        "tainted": false
                    },
                    "deposed": [],
                    "provider": ""
                },
                "aws_subnet.subnet_private.0": {
                    "type": "aws_subnet",
                    "depends_on": [
                        "aws_vpc.vpc",
                        "data.aws_availability_zones.available"
                    ],
                    "primary": {
                        "id": "subnet-bd9939f5",
                        "attributes": {
                            "assign_ipv6_address_on_creation": "false",
                            "availability_zone": "us-west-2a",
                            "cidr_block": "10.102.3.0/24",
                            "id": "subnet-bd9939f5",
                            "map_public_ip_on_launch": "false",
                            "tags.%": "1",
                            "tags.Name": "thuy-vpc-private-us-west-2a",
                            "vpc_id": "vpc-983c41fe"
                        },
                        "meta": {
                            "schema_version": "1"
                        },
                        "tainted": false
                    },
                    "deposed": [],
                    "provider": ""
                },
                "aws_subnet.subnet_private.1": {
                    "type": "aws_subnet",
                    "depends_on": [
                        "aws_vpc.vpc",
                        "data.aws_availability_zones.available"
                    ],
                    "primary": {
                        "id": "subnet-a44bc8c2",
                        "attributes": {
                            "assign_ipv6_address_on_creation": "false",
                            "availability_zone": "us-west-2b",
                            "cidr_block": "10.102.4.0/24",
                            "id": "subnet-a44bc8c2",
                            "map_public_ip_on_launch": "false",
                            "tags.%": "1",
                            "tags.Name": "thuy-vpc-private-us-west-2b",
                            "vpc_id": "vpc-983c41fe"
                        },
                        "meta": {
                            "schema_version": "1"
                        },
                        "tainted": false
                    },
                    "deposed": [],
                    "provider": ""
                },
                "aws_subnet.subnet_private.2": {
                    "type": "aws_subnet",
                    "depends_on": [
                        "aws_vpc.vpc",
                        "data.aws_availability_zones.available"
                    ],
                    "primary": {
                        "id": "subnet-49743e12",
                        "attributes": {
                            "assign_ipv6_address_on_creation": "false",
                            "availability_zone": "us-west-2c",
                            "cidr_block": "10.102.5.0/24",
                            "id": "subnet-49743e12",
                            "map_public_ip_on_launch": "false",
                            "tags.%": "1",
                            "tags.Name": "thuy-vpc-private-us-west-2c",
                            "vpc_id": "vpc-983c41fe"
                        },
                        "meta": {
                            "schema_version": "1"
                        },
                        "tainted": false
                    },
                    "deposed": [],
                    "provider": ""
                },
                "aws_subnet.subnet_public.0": {
                    "type": "aws_subnet",
                    "depends_on": [
                        "aws_vpc.vpc",
                        "data.aws_availability_zones.available"
                    ],
                    "primary": {
                        "id": "subnet-0f9d3d47",
                        "attributes": {
                            "assign_ipv6_address_on_creation": "false",
                            "availability_zone": "us-west-2a",
                            "cidr_block": "10.102.0.0/24",
                            "id": "subnet-0f9d3d47",
                            "map_public_ip_on_launch": "false",
                            "tags.%": "1",
                            "tags.Name": "thuy-vpc-public-us-west-2a",
                            "vpc_id": "vpc-983c41fe"
                        },
                        "meta": {
                            "schema_version": "1"
                        },
                        "tainted": false
                    },
                    "deposed": [],
                    "provider": ""
                },
                "aws_subnet.subnet_public.1": {
                    "type": "aws_subnet",
                    "depends_on": [
                        "aws_vpc.vpc",
                        "data.aws_availability_zones.available"
                    ],
                    "primary": {
                        "id": "subnet-c349caa5",
                        "attributes": {
                            "assign_ipv6_address_on_creation": "false",
                            "availability_zone": "us-west-2b",
                            "cidr_block": "10.102.1.0/24",
                            "id": "subnet-c349caa5",
                            "map_public_ip_on_launch": "false",
                            "tags.%": "1",
                            "tags.Name": "thuy-vpc-public-us-west-2b",
                            "vpc_id": "vpc-983c41fe"
                        },
                        "meta": {
                            "schema_version": "1"
                        },
                        "tainted": false
                    },
                    "deposed": [],
                    "provider": ""
                },
                "aws_subnet.subnet_public.2": {
                    "type": "aws_subnet",
                    "depends_on": [
                        "aws_vpc.vpc",
                        "data.aws_availability_zones.available"
                    ],
                    "primary": {
                        "id": "subnet-55703a0e",
                        "attributes": {
                            "assign_ipv6_address_on_creation": "false",
                            "availability_zone": "us-west-2c",
                            "cidr_block": "10.102.2.0/24",
                            "id": "subnet-55703a0e",
                            "map_public_ip_on_launch": "false",
                            "tags.%": "1",
                            "tags.Name": "thuy-vpc-public-us-west-2c",
                            "vpc_id": "vpc-983c41fe"
                        },
                        "meta": {
                            "schema_version": "1"
                        },
                        "tainted": false
                    },
                    "deposed": [],
                    "provider": ""
                },
                "aws_vpc.vpc": {
                    "type": "aws_vpc",
                    "depends_on": [],
                    "primary": {
                        "id": "vpc-983c41fe",
                        "attributes": {
                            "assign_generated_ipv6_cidr_block": "false",
                            "cidr_block": "10.102.0.0/16",
                            "default_network_acl_id": "acl-e7938581",
                            "default_route_table_id": "rtb-fe49ed87",
                            "default_security_group_id": "sg-69b71114",
                            "dhcp_options_id": "dopt-b83174dd",
                            "enable_classiclink": "false",
                            "enable_classiclink_dns_support": "false",
                            "enable_dns_hostnames": "true",
                            "enable_dns_support": "true",
                            "id": "vpc-983c41fe",
                            "instance_tenancy": "default",
                            "main_route_table_id": "rtb-fe49ed87",
                            "tags.%": "1",
                            "tags.Name": "thuy-vpc"
                        },
                        "meta": {
                            "schema_version": "1"
                        },
                        "tainted": false
                    },
                    "deposed": [],
                    "provider": ""
                },
                "data.aws_availability_zones.available": {
                    "type": "aws_availability_zones",
                    "depends_on": [],
                    "primary": {
                        "id": "2017-10-02 00:55:55.846193157 +0000 UTC",
                        "attributes": {
                            "id": "2017-10-02 00:55:55.846193157 +0000 UTC",
                            "names.#": "3",
                            "names.0": "us-west-2a",
                            "names.1": "us-west-2b",
                            "names.2": "us-west-2c"
                        },
                        "meta": {},
                        "tainted": false
                    },
                    "deposed": [],
                    "provider": ""
                },
                "data.aws_region.current": {
                    "type": "aws_region",
                    "depends_on": [],
                    "primary": {
                        "id": "us-west-2",
                        "attributes": {
                            "current": "true",
                            "endpoint": "ec2.us-west-2.amazonaws.com",
                            "id": "us-west-2",
                            "name": "us-west-2"
                        },
                        "meta": {},
                        "tainted": false
                    },
                    "deposed": [],
                    "provider": ""
                }
            },
            "depends_on": []
        }
    ]
}
